
Microsoft Visual Studio Solution File, Format Version 12.00
# Visual Studio 15
VisualStudioVersion = 15.0.27703.2042
MinimumVisualStudioVersion = 10.0.40219.1
Project("{FAE04EC0-301F-11D3-BF4B-00C04F79EFBC}") = "myshcool_db_example", "myshcool_db_example\myshcool_db_example.csproj", "{0BDDEA2A-FD60-4C76-8FA6-A0AD342FC54F}"
EndProject
Global
	GlobalSection(SolutionConfigurationPlatforms) = preSolution
		Debug|Any CPU = Debug|Any CPU
		Release|Any CPU = Release|Any CPU
	EndGlobalSection
	GlobalSection(ProjectConfigurationPlatforms) = postSolution
		{0BDDEA2A-FD60-4C76-8FA6-A0AD342FC54F}.Debug|Any CPU.ActiveCfg = Debug|Any CPU
		{0BDDEA2A-FD60-4C76-8FA6-A0AD342FC54F}.Debug|Any CPU.Build.0 = Debug|Any CPU
		{0BDDEA2A-FD60-4C76-8FA6-A0AD342FC54F}.Release|Any CPU.ActiveCfg = Release|Any CPU
		{0BDDEA2A-FD60-4C76-8FA6-A0AD342FC54F}.Release|Any CPU.Build.0 = Release|Any CPU
	EndGlobalSection
	GlobalSection(SolutionProperties) = preSolution
		HideSolutionNode = FALSE
	EndGlobalSection
	GlobalSection(ExtensibilityGlobals) = postSolution
		SolutionGuid = {3A7C46A6-CE2E-4384-B15D-13D9EC0A5D43}
	EndGlobalSection
EndGlobal
